# This file is automatically @generated by Poetry 2.2.1 and should not be changed by hand.

[[package]]
name = "dotenv"
version = "0.9.9"
description = "Deprecated package"
optional = false
python-versions = "*"
groups = ["main"]
files = [
    {file = "dotenv-0.9.9-py2.py3-none-any.whl", hash = "sha256:29cf74a087b31dafdb5a446b6d7e11cbce8ed2741540e2339c69fbef92c94ce9"},
]

[package.dependencies]
python-dotenv = "*"

[[package]]
name = "imapclient"
version = "3.1.0"
description = "Easy-to-use, Pythonic and complete IMAP client library"
optional = false
python-versions = ">=3.8.0"
groups = ["main"]
files = [
    {file = "imapclient-3.1.0-py2.py3-none-any.whl", hash = "sha256:34c192ffe82936e940a998ac89c474296942cd7c4f6c208f0fccfcd972946038"},
    {file = "imapclient-3.1.0.tar.gz", hash = "sha256:b0413a516ffcc4b4d69f2c611c0e95da57968edf5a5c78ac82d1bf882305facc"},
]

[package.extras]
doc = ["sphinx"]

[[package]]
name = "python-dotenv"
version = "1.2.1"
description = "Read key-value pairs from a .env file and set them as environment variables"
optional = false
python-versions = ">=3.9"
groups = ["main"]
files = [
    {file = "python_dotenv-1.2.1-py3-none-any.whl", hash = "sha256:b81ee9561e9ca4004139c6cbba3a238c32b03e4894671e181b671e8cb8425d61"},
    {file = "python_dotenv-1.2.1.tar.gz", hash = "sha256:42667e897e16ab0d66954af0e60a9caa94f0fd4ecf3aaf6d2d260eec1aa36ad6"},
]

[package.extras]
cli = ["click (>=5.0)"]

[[package]]
name = "pyzmail36"
version = "1.0.5"
description = "Python easy mail library, to parse, compose and send emails"
optional = false
python-versions = "*"
groups = ["main"]
files = [
    {file = "pyzmail36-1.0.5-py3-none-any.whl", hash = "sha256:ddacb71b78e7657a52624b63ebef0942600c6b08e35f1f481dd286e880e46cb2"},
    {file = "pyzmail36-1.0.5.tar.gz", hash = "sha256:835327fde6af722d0a4c6b313c94f7f40a7339b9aea12920ec1cf85498a7aeaf"},
]

[metadata]
lock-version = "2.1"
python-versions = ">=3.13"
content-hash = "6075d5754a5df0cdf325ee4f6664cb29b1560482a273273f565444b2e1544a97"
